github.com/ivanpaghubasan/go-matomo v0.0.0-20250702062133-f660933b1ddf h1:NC1UIg0alrdYoze6nF0alc2gCePayK1p9ZqbyrA6XrU=
github.com/ivanpaghubasan/go-matomo v0.0.0-20250702062133-f660933b1ddf/go.mod h1:dFS/XprYDEup3aNHQ+qm1GS+RvhK5HMSLqLmLByt3ZM=
github.com/joho/godotenv v1.5.1 h1:7eLL/+HRGLY0ldzfGMeQkb7vMd0as4CfYvUVzLqw0N0=
github.com/joho/godotenv v1.5.1/go.mod h1:f4LDr5Voq0i2e/R5DDNOoa2zzDfwtkZa6DnEwAbqwq4=
